
Microsoft Visual Studio Solution File, Format Version 12.00
# Visual Studio Version 17
VisualStudioVersion = 17.2.32505.173
MinimumVisualStudioVersion = 10.0.40219.1
Project("{FAE04EC0-301F-11D3-BF4B-00C04F79EFBC}") = "TDEE_Calculator.Android", "TDEE_Calculator\TDEE_Calculator.Android\TDEE_Calculator.Android.csproj", "{9D6F8926-253C-4962-9624-B7C235AC2FE9}"
EndProject
Project("{FAE04EC0-301F-11D3-BF4B-00C04F79EFBC}") = "TDEE_Calculator.iOS", "TDEE_Calculator\TDEE_Calculator.iOS\TDEE_Calculator.iOS.csproj", "{9F492297-235D-4708-925A-735B58AA2853}"
EndProject
Project("{FAE04EC0-301F-11D3-BF4B-00C04F79EFBC}") = "TDEE_Calculator", "TDEE_Calculator\TDEE_Calculator\TDEE_Calculator.csproj", "{A213AD20-38D2-463B-9A26-1FE09F9F11AE}"
EndProject
Global
	GlobalSection(SolutionConfigurationPlatforms) = preSolution
		Debug|Any CPU = Debug|Any CPU
		Debug|iPhone = Debug|iPhone
		Debug|iPhoneSimulator = Debug|iPhoneSimulator
		Release|Any CPU = Release|Any CPU
		Release|iPhone = Release|iPhone
		Release|iPhoneSimulator = Release|iPhoneSimulator
	EndGlobalSection
	GlobalSection(ProjectConfigurationPlatforms) = postSolution
		{9D6F8926-253C-4962-9624-B7C235AC2FE9}.Debug|Any CPU.ActiveCfg = Debug|Any CPU
		{9D6F8926-253C-4962-9624-B7C235AC2FE9}.Debug|Any CPU.Build.0 = Debug|Any CPU
		{9D6F8926-253C-4962-9624-B7C235AC2FE9}.Debug|Any CPU.Deploy.0 = Debug|Any CPU
		{9D6F8926-253C-4962-9624-B7C235AC2FE9}.Debug|iPhone.ActiveCfg = Debug|Any CPU
		{9D6F8926-253C-4962-9624-B7C235AC2FE9}.Debug|iPhone.Build.0 = Debug|Any CPU
		{9D6F8926-253C-4962-9624-B7C235AC2FE9}.Debug|iPhone.Deploy.0 = Debug|Any CPU
		{9D6F8926-253C-4962-9624-B7C235AC2FE9}.Debug|iPhoneSimulator.ActiveCfg = Debug|Any CPU
		{9D6F8926-253C-4962-9624-B7C235AC2FE9}.Debug|iPhoneSimulator.Build.0 = Debug|Any CPU
		{9D6F8926-253C-4962-9624-B7C235AC2FE9}.Debug|iPhoneSimulator.Deploy.0 = Debug|Any CPU
		{9D6F8926-253C-4962-9624-B7C235AC2FE9}.Release|Any CPU.ActiveCfg = Release|Any CPU
		{9D6F8926-253C-4962-9624-B7C235AC2FE9}.Release|Any CPU.Build.0 = Release|Any CPU
		{9D6F8926-253C-4962-9624-B7C235AC2FE9}.Release|Any CPU.Deploy.0 = Release|Any CPU
		{9D6F8926-253C-4962-9624-B7C235AC2FE9}.Release|iPhone.ActiveCfg = Release|Any CPU
		{9D6F8926-253C-4962-9624-B7C235AC2FE9}.Release|iPhone.Build.0 = Release|Any CPU
		{9D6F8926-253C-4962-9624-B7C235AC2FE9}.Release|iPhone.Deploy.0 = Release|Any CPU
		{9D6F8926-253C-4962-9624-B7C235AC2FE9}.Release|iPhoneSimulator.ActiveCfg = Release|Any CPU
		{9D6F8926-253C-4962-9624-B7C235AC2FE9}.Release|iPhoneSimulator.Build.0 = Release|Any CPU
		{9D6F8926-253C-4962-9624-B7C235AC2FE9}.Release|iPhoneSimulator.Deploy.0 = Release|Any CPU
		{9F492297-235D-4708-925A-735B58AA2853}.Debug|Any CPU.ActiveCfg = Debug|iPhone
		{9F492297-235D-4708-925A-735B58AA2853}.Debug|Any CPU.Build.0 = Debug|iPhone
		{9F492297-235D-4708-925A-735B58AA2853}.Debug|Any CPU.Deploy.0 = Debug|iPhone
		{9F492297-235D-4708-925A-735B58AA2853}.Debug|iPhone.ActiveCfg = Debug|iPhone
		{9F492297-235D-4708-925A-735B58AA2853}.Debug|iPhone.Build.0 = Debug|iPhone
		{9F492297-235D-4708-925A-735B58AA2853}.Debug|iPhone.Deploy.0 = Debug|iPhone
		{9F492297-235D-4708-925A-735B58AA2853}.Debug|iPhoneSimulator.ActiveCfg = Debug|iPhoneSimulator
		{9F492297-235D-4708-925A-735B58AA2853}.Debug|iPhoneSimulator.Build.0 = Debug|iPhoneSimulator
		{9F492297-235D-4708-925A-735B58AA2853}.Debug|iPhoneSimulator.Deploy.0 = Debug|iPhoneSimulator
		{9F492297-235D-4708-925A-735B58AA2853}.Release|Any CPU.ActiveCfg = Release|iPhoneSimulator
		{9F492297-235D-4708-925A-735B58AA2853}.Release|Any CPU.Build.0 = Release|iPhoneSimulator
		{9F492297-235D-4708-925A-735B58AA2853}.Release|Any CPU.Deploy.0 = Release|iPhoneSimulator
		{9F492297-235D-4708-925A-735B58AA2853}.Release|iPhone.ActiveCfg = Release|iPhone
		{9F492297-235D-4708-925A-735B58AA2853}.Release|iPhone.Build.0 = Release|iPhone
		{9F492297-235D-4708-925A-735B58AA2853}.Release|iPhone.Deploy.0 = Release|iPhone
		{9F492297-235D-4708-925A-735B58AA2853}.Release|iPhoneSimulator.ActiveCfg = Release|iPhoneSimulator
		{9F492297-235D-4708-925A-735B58AA2853}.Release|iPhoneSimulator.Build.0 = Release|iPhoneSimulator
		{9F492297-235D-4708-925A-735B58AA2853}.Release|iPhoneSimulator.Deploy.0 = Release|iPhoneSimulator
		{A213AD20-38D2-463B-9A26-1FE09F9F11AE}.Debug|Any CPU.ActiveCfg = Debug|Any CPU
		{A213AD20-38D2-463B-9A26-1FE09F9F11AE}.Debug|Any CPU.Build.0 = Debug|Any CPU
		{A213AD20-38D2-463B-9A26-1FE09F9F11AE}.Debug|Any CPU.Deploy.0 = Debug|Any CPU
		{A213AD20-38D2-463B-9A26-1FE09F9F11AE}.Debug|iPhone.ActiveCfg = Debug|Any CPU
		{A213AD20-38D2-463B-9A26-1FE09F9F11AE}.Debug|iPhone.Build.0 = Debug|Any CPU
		{A213AD20-38D2-463B-9A26-1FE09F9F11AE}.Debug|iPhone.Deploy.0 = Debug|Any CPU
		{A213AD20-38D2-463B-9A26-1FE09F9F11AE}.Debug|iPhoneSimulator.ActiveCfg = Debug|Any CPU
		{A213AD20-38D2-463B-9A26-1FE09F9F11AE}.Debug|iPhoneSimulator.Build.0 = Debug|Any CPU
		{A213AD20-38D2-463B-9A26-1FE09F9F11AE}.Debug|iPhoneSimulator.Deploy.0 = Debug|Any CPU
		{A213AD20-38D2-463B-9A26-1FE09F9F11AE}.Release|Any CPU.ActiveCfg = Release|Any CPU
		{A213AD20-38D2-463B-9A26-1FE09F9F11AE}.Release|Any CPU.Build.0 = Release|Any CPU
		{A213AD20-38D2-463B-9A26-1FE09F9F11AE}.Release|Any CPU.Deploy.0 = Release|Any CPU
		{A213AD20-38D2-463B-9A26-1FE09F9F11AE}.Release|iPhone.ActiveCfg = Release|Any CPU
		{A213AD20-38D2-463B-9A26-1FE09F9F11AE}.Release|iPhone.Build.0 = Release|Any CPU
		{A213AD20-38D2-463B-9A26-1FE09F9F11AE}.Release|iPhone.Deploy.0 = Release|Any CPU
		{A213AD20-38D2-463B-9A26-1FE09F9F11AE}.Release|iPhoneSimulator.ActiveCfg = Release|Any CPU
		{A213AD20-38D2-463B-9A26-1FE09F9F11AE}.Release|iPhoneSimulator.Build.0 = Release|Any CPU
		{A213AD20-38D2-463B-9A26-1FE09F9F11AE}.Release|iPhoneSimulator.Deploy.0 = Release|Any CPU
	EndGlobalSection
	GlobalSection(SolutionProperties) = preSolution
		HideSolutionNode = FALSE
	EndGlobalSection
	GlobalSection(ExtensibilityGlobals) = postSolution
		SolutionGuid = {549E9D2B-866B-4B22-9BD9-15DE274B5DA5}
	EndGlobalSection
EndGlobal
